// !$*UTF8*$!
{
	archiveVersion = 1;
	classes = {
	};
	objectVersion = 55;
	objects = {

/* Begin PBXBuildFile section */
		AE3CFB1C27D6E01000AC0434 /* ReplicantController.swift in Sources */ = {isa = PBXBuildFile; fileRef = AE3CFB1B27D6E01000AC0434 /* ReplicantController.swift */; };
		AE3CFB1E27D7EF8A00AC0434 /* RoutingController.swift in Sources */ = {isa = PBXBuildFile; fileRef = AE3CFB1D27D7EF8A00AC0434 /* RoutingController.swift */; };
		AE3CFB2127D83D7800AC0434 /* ReplicantSwift in Frameworks */ = {isa = PBXBuildFile; productRef = AE3CFB2027D83D7800AC0434 /* ReplicantSwift */; };
		AE5B0EB327D040960000F94E /* ShadowSwift in Frameworks */ = {isa = PBXBuildFile; productRef = AE5B0EB227D040960000F94E /* ShadowSwift */; };
		AE5B0EB827D049490000F94E /* ArgumentParser in Frameworks */ = {isa = PBXBuildFile; productRef = AE5B0EB727D049490000F94E /* ArgumentParser */; };
		AE8B9CFB27EBCDB100F8989C /* ShadowController.swift in Sources */ = {isa = PBXBuildFile; fileRef = AE8B9CFA27EBCDB100F8989C /* ShadowController.swift */; };
		AEF25BA827C067C500B9BD47 /* main.swift in Sources */ = {isa = PBXBuildFile; fileRef = AEF25BA727C067C500B9BD47 /* main.swift */; };
/* End PBXBuildFile section */

/* Begin PBXCopyFilesBuildPhase section */
		AEF25BA227C067C500B9BD47 /* CopyFiles */ = {
			isa = PBXCopyFilesBuildPhase;
			buildActionMask = 2147483647;
			dstPath = /usr/share/man/man1/;
			dstSubfolderSpec = 0;
			files = (
			);
			runOnlyForDeploymentPostprocessing = 1;
		};
/* End PBXCopyFilesBuildPhase section */

/* Begin PBXFileReference section */
		AE3CFB1B27D6E01000AC0434 /* ReplicantController.swift */ = {isa = PBXFileReference; lastKnownFileType = sourcecode.swift; path = ReplicantController.swift; sourceTree = "<group>"; };
		AE3CFB1D27D7EF8A00AC0434 /* RoutingController.swift */ = {isa = PBXFileReference; lastKnownFileType = sourcecode.swift; path = RoutingController.swift; sourceTree = "<group>"; };
		AE8B9CFA27EBCDB100F8989C /* ShadowController.swift */ = {isa = PBXFileReference; fileEncoding = 4; lastKnownFileType = sourcecode.swift; path = ShadowController.swift; sourceTree = "<group>"; };
		AEF25BA427C067C500B9BD47 /* ShapeshifterDispatcherSwift */ = {isa = PBXFileReference; explicitFileType = "compiled.mach-o.executable"; includeInIndex = 0; path = ShapeshifterDispatcherSwift; sourceTree = BUILT_PRODUCTS_DIR; };
		AEF25BA727C067C500B9BD47 /* main.swift */ = {isa = PBXFileReference; lastKnownFileType = sourcecode.swift; path = main.swift; sourceTree = "<group>"; };
/* End PBXFileReference section */

/* Begin PBXFrameworksBuildPhase section */
		AEF25BA127C067C500B9BD47 /* Frameworks */ = {
			isa = PBXFrameworksBuildPhase;
			buildActionMask = 2147483647;
			files = (
				AE5B0EB827D049490000F94E /* ArgumentParser in Frameworks */,
				AE5B0EB327D040960000F94E /* ShadowSwift in Frameworks */,
				AE3CFB2127D83D7800AC0434 /* ReplicantSwift in Frameworks */,
			);
			runOnlyForDeploymentPostprocessing = 0;
		};
/* End PBXFrameworksBuildPhase section */

/* Begin PBXGroup section */
		AEF25B9B27C067C500B9BD47 = {
			isa = PBXGroup;
			children = (
				AEF25BA627C067C500B9BD47 /* ShapeshifterDispatcherSwift */,
				AEF25BA527C067C500B9BD47 /* Products */,
			);
			sourceTree = "<group>";
		};
		AEF25BA527C067C500B9BD47 /* Products */ = {
			isa = PBXGroup;
			children = (
				AEF25BA427C067C500B9BD47 /* ShapeshifterDispatcherSwift */,
			);
			name = Products;
			sourceTree = "<group>";
		};
		AEF25BA627C067C500B9BD47 /* ShapeshifterDispatcherSwift */ = {
			isa = PBXGroup;
			children = (
				AEF25BA727C067C500B9BD47 /* main.swift */,
				AE3CFB1D27D7EF8A00AC0434 /* RoutingController.swift */,
				AE8B9CFA27EBCDB100F8989C /* ShadowController.swift */,
				AE3CFB1B27D6E01000AC0434 /* ReplicantController.swift */,
			);
			path = ShapeshifterDispatcherSwift;
			sourceTree = "<group>";
		};
/* End PBXGroup section */

/* Begin PBXNativeTarget section */
		AEF25BA327C067C500B9BD47 /* ShapeshifterDispatcherSwift */ = {
			isa = PBXNativeTarget;
			buildConfigurationList = AEF25BAB27C067C500B9BD47 /* Build configuration list for PBXNativeTarget "ShapeshifterDispatcherSwift" */;
			buildPhases = (
				AEF25BA027C067C500B9BD47 /* Sources */,
				AEF25BA127C067C500B9BD47 /* Frameworks */,
				AEF25BA227C067C500B9BD47 /* CopyFiles */,
			);
			buildRules = (
			);
			dependencies = (
			);
			name = ShapeshifterDispatcherSwift;
			packageProductDependencies = (
				AE5B0EB227D040960000F94E /* ShadowSwift */,
				AE5B0EB727D049490000F94E /* ArgumentParser */,
				AE3CFB2027D83D7800AC0434 /* ReplicantSwift */,
			);
			productName = ShapeshifterDispatcherSwift;
			productReference = AEF25BA427C067C500B9BD47 /* ShapeshifterDispatcherSwift */;
			productType = "com.apple.product-type.tool";
		};
/* End PBXNativeTarget section */

/* Begin PBXProject section */
		AEF25B9C27C067C500B9BD47 /* Project object */ = {
			isa = PBXProject;
			attributes = {
				BuildIndependentTargetsInParallel = 1;
				LastSwiftUpdateCheck = 1310;
				LastUpgradeCheck = 1310;
				TargetAttributes = {
					AEF25BA327C067C500B9BD47 = {
						CreatedOnToolsVersion = 13.1;
					};
				};
			};
			buildConfigurationList = AEF25B9F27C067C500B9BD47 /* Build configuration list for PBXProject "ShapeshifterDispatcherSwift" */;
			compatibilityVersion = "Xcode 13.0";
			developmentRegion = en;
			hasScannedForEncodings = 0;
			knownRegions = (
				en,
				Base,
			);
			mainGroup = AEF25B9B27C067C500B9BD47;
			packageReferences = (
				AE5B0EB127D040960000F94E /* XCRemoteSwiftPackageReference "ShadowSwift" */,
				AE5B0EB627D049490000F94E /* XCRemoteSwiftPackageReference "swift-argument-parser" */,
				AE3CFB1F27D83D7800AC0434 /* XCRemoteSwiftPackageReference "ReplicantSwift" */,
			);
			productRefGroup = AEF25BA527C067C500B9BD47 /* Products */;
			projectDirPath = "";
			projectRoot = "";
			targets = (
				AEF25BA327C067C500B9BD47 /* ShapeshifterDispatcherSwift */,
			);
		};
/* End PBXProject section */

/* Begin PBXSourcesBuildPhase section */
		AEF25BA027C067C500B9BD47 /* Sources */ = {
			isa = PBXSourcesBuildPhase;
			buildActionMask = 2147483647;
			files = (
				AEF25BA827C067C500B9BD47 /* main.swift in Sources */,
				AE3CFB1C27D6E01000AC0434 /* ReplicantController.swift in Sources */,
				AE3CFB1E27D7EF8A00AC0434 /* RoutingController.swift in Sources */,
				AE8B9CFB27EBCDB100F8989C /* ShadowController.swift in Sources */,
			);
			runOnlyForDeploymentPostprocessing = 0;
		};
/* End PBXSourcesBuildPhase section */

/* Begin XCBuildConfiguration section */
		AEF25BA927C067C500B9BD47 /* Debug */ = {
			isa = XCBuildConfiguration;
			buildSettings = {
				ALWAYS_SEARCH_USER_PATHS = NO;
				CLANG_ANALYZER_NONNULL = YES;
				CLANG_ANALYZER_NUMBER_OBJECT_CONVERSION = YES_AGGRESSIVE;
				CLANG_CXX_LANGUAGE_STANDARD = "gnu++17";
				CLANG_CXX_LIBRARY = "libc++";
				CLANG_ENABLE_MODULES = YES;
				CLANG_ENABLE_OBJC_ARC = YES;
				CLANG_ENABLE_OBJC_WEAK = YES;
				CLANG_WARN_BLOCK_CAPTURE_AUTORELEASING = YES;
				CLANG_WARN_BOOL_CONVERSION = YES;
				CLANG_WARN_COMMA = YES;
				CLANG_WARN_CONSTANT_CONVERSION = YES;
				CLANG_WARN_DEPRECATED_OBJC_IMPLEMENTATIONS = YES;
				CLANG_WARN_DIRECT_OBJC_ISA_USAGE = YES_ERROR;
				CLANG_WARN_DOCUMENTATION_COMMENTS = YES;
				CLANG_WARN_EMPTY_BODY = YES;
				CLANG_WARN_ENUM_CONVERSION = YES;
				CLANG_WARN_INFINITE_RECURSION = YES;
				CLANG_WARN_INT_CONVERSION = YES;
				CLANG_WARN_NON_LITERAL_NULL_CONVERSION = YES;
				CLANG_WARN_OBJC_IMPLICIT_RETAIN_SELF = YES;
				CLANG_WARN_OBJC_LITERAL_CONVERSION = YES;
				CLANG_WARN_OBJC_ROOT_CLASS = YES_ERROR;
				CLANG_WARN_QUOTED_INCLUDE_IN_FRAMEWORK_HEADER = YES;
				CLANG_WARN_RANGE_LOOP_ANALYSIS = YES;
				CLANG_WARN_STRICT_PROTOTYPES = YES;
				CLANG_WARN_SUSPICIOUS_MOVE = YES;
				CLANG_WARN_UNGUARDED_AVAILABILITY = YES_AGGRESSIVE;
				CLANG_WARN_UNREACHABLE_CODE = YES;
				CLANG_WARN__DUPLICATE_METHOD_MATCH = YES;
				COPY_PHASE_STRIP = NO;
				DEBUG_INFORMATION_FORMAT = dwarf;
				ENABLE_STRICT_OBJC_MSGSEND = YES;
				ENABLE_TESTABILITY = YES;
				GCC_C_LANGUAGE_STANDARD = gnu11;
				GCC_DYNAMIC_NO_PIC = NO;
				GCC_NO_COMMON_BLOCKS = YES;
				GCC_OPTIMIZATION_LEVEL = 0;
				GCC_PREPROCESSOR_DEFINITIONS = (
					"DEBUG=1",
					"$(inherited)",
				);
				GCC_WARN_64_TO_32_BIT_CONVERSION = YES;
				GCC_WARN_ABOUT_RETURN_TYPE = YES_ERROR;
				GCC_WARN_UNDECLARED_SELECTOR = YES;
				GCC_WARN_UNINITIALIZED_AUTOS = YES_AGGRESSIVE;
				GCC_WARN_UNUSED_FUNCTION = YES;
				GCC_WARN_UNUSED_VARIABLE = YES;
				MACOSX_DEPLOYMENT_TARGET = 12.0;
				MTL_ENABLE_DEBUG_INFO = INCLUDE_SOURCE;
				MTL_FAST_MATH = YES;
				ONLY_ACTIVE_ARCH = YES;
				SDKROOT = macosx;
				SWIFT_ACTIVE_COMPILATION_CONDITIONS = DEBUG;
				SWIFT_OPTIMIZATION_LEVEL = "-Onone";
			};
			name = Debug;
		};
		AEF25BAA27C067C500B9BD47 /* Release */ = {
			isa = XCBuildConfiguration;
			buildSettings = {
				ALWAYS_SEARCH_USER_PATHS = NO;
				CLANG_ANALYZER_NONNULL = YES;
				CLANG_ANALYZER_NUMBER_OBJECT_CONVERSION = YES_AGGRESSIVE;
				CLANG_CXX_LANGUAGE_STANDARD = "gnu++17";
				CLANG_CXX_LIBRARY = "libc++";
				CLANG_ENABLE_MODULES = YES;
				CLANG_ENABLE_OBJC_ARC = YES;
				CLANG_ENABLE_OBJC_WEAK = YES;
				CLANG_WARN_BLOCK_CAPTURE_AUTORELEASING = YES;
				CLANG_WARN_BOOL_CONVERSION = YES;
				CLANG_WARN_COMMA = YES;
				CLANG_WARN_CONSTANT_CONVERSION = YES;
				CLANG_WARN_DEPRECATED_OBJC_IMPLEMENTATIONS = YES;
				CLANG_WARN_DIRECT_OBJC_ISA_USAGE = YES_ERROR;
				CLANG_WARN_DOCUMENTATION_COMMENTS = YES;
				CLANG_WARN_EMPTY_BODY = YES;
				CLANG_WARN_ENUM_CONVERSION = YES;
				CLANG_WARN_INFINITE_RECURSION = YES;
				CLANG_WARN_INT_CONVERSION = YES;
				CLANG_WARN_NON_LITERAL_NULL_CONVERSION = YES;
				CLANG_WARN_OBJC_IMPLICIT_RETAIN_SELF = YES;
				CLANG_WARN_OBJC_LITERAL_CONVERSION = YES;
				CLANG_WARN_OBJC_ROOT_CLASS = YES_ERROR;
				CLANG_WARN_QUOTED_INCLUDE_IN_FRAMEWORK_HEADER = YES;
				CLANG_WARN_RANGE_LOOP_ANALYSIS = YES;
				CLANG_WARN_STRICT_PROTOTYPES = YES;
				CLANG_WARN_SUSPICIOUS_MOVE = YES;
				CLANG_WARN_UNGUARDED_AVAILABILITY = YES_AGGRESSIVE;
				CLANG_WARN_UNREACHABLE_CODE = YES;
				CLANG_WARN__DUPLICATE_METHOD_MATCH = YES;
				COPY_PHASE_STRIP = NO;
				DEBUG_INFORMATION_FORMAT = "dwarf-with-dsym";
				ENABLE_NS_ASSERTIONS = NO;
				ENABLE_STRICT_OBJC_MSGSEND = YES;
				GCC_C_LANGUAGE_STANDARD = gnu11;
				GCC_NO_COMMON_BLOCKS = YES;
				GCC_WARN_64_TO_32_BIT_CONVERSION = YES;
				GCC_WARN_ABOUT_RETURN_TYPE = YES_ERROR;
				GCC_WARN_UNDECLARED_SELECTOR = YES;
				GCC_WARN_UNINITIALIZED_AUTOS = YES_AGGRESSIVE;
				GCC_WARN_UNUSED_FUNCTION = YES;
				GCC_WARN_UNUSED_VARIABLE = YES;
				MACOSX_DEPLOYMENT_TARGET = 12.0;
				MTL_ENABLE_DEBUG_INFO = NO;
				MTL_FAST_MATH = YES;
				SDKROOT = macosx;
				SWIFT_COMPILATION_MODE = wholemodule;
				SWIFT_OPTIMIZATION_LEVEL = "-O";
			};
			name = Release;
		};
		AEF25BAC27C067C500B9BD47 /* Debug */ = {
			isa = XCBuildConfiguration;
			buildSettings = {
				CODE_SIGN_STYLE = Automatic;
				DEVELOPMENT_TEAM = 67Y4NSLDQ3;
				ENABLE_HARDENED_RUNTIME = YES;
				PRODUCT_NAME = "$(TARGET_NAME)";
				SWIFT_VERSION = 5.0;
			};
			name = Debug;
		};
		AEF25BAD27C067C500B9BD47 /* Release */ = {
			isa = XCBuildConfiguration;
			buildSettings = {
				CODE_SIGN_STYLE = Automatic;
				DEVELOPMENT_TEAM = 67Y4NSLDQ3;
				ENABLE_HARDENED_RUNTIME = YES;
				PRODUCT_NAME = "$(TARGET_NAME)";
				SWIFT_VERSION = 5.0;
			};
			name = Release;
		};
/* End XCBuildConfiguration section */

/* Begin XCConfigurationList section */
		AEF25B9F27C067C500B9BD47 /* Build configuration list for PBXProject "ShapeshifterDispatcherSwift" */ = {
			isa = XCConfigurationList;
			buildConfigurations = (
				AEF25BA927C067C500B9BD47 /* Debug */,
				AEF25BAA27C067C500B9BD47 /* Release */,
			);
			defaultConfigurationIsVisible = 0;
			defaultConfigurationName = Release;
		};
		AEF25BAB27C067C500B9BD47 /* Build configuration list for PBXNativeTarget "ShapeshifterDispatcherSwift" */ = {
			isa = XCConfigurationList;
			buildConfigurations = (
				AEF25BAC27C067C500B9BD47 /* Debug */,
				AEF25BAD27C067C500B9BD47 /* Release */,
			);
			defaultConfigurationIsVisible = 0;
			defaultConfigurationName = Release;
		};
/* End XCConfigurationList section */

/* Begin XCRemoteSwiftPackageReference section */
		AE3CFB1F27D83D7800AC0434 /* XCRemoteSwiftPackageReference "ReplicantSwift" */ = {
			isa = XCRemoteSwiftPackageReference;
			repositoryURL = "https://github.com/OperatorFoundation/ReplicantSwift.git";
			requirement = {
				branch = main;
				kind = branch;
			};
		};
		AE5B0EB127D040960000F94E /* XCRemoteSwiftPackageReference "ShadowSwift" */ = {
			isa = XCRemoteSwiftPackageReference;
			repositoryURL = "https://github.com/OperatorFoundation/ShadowSwift.git";
			requirement = {
				branch = main;
				kind = branch;
			};
		};
		AE5B0EB627D049490000F94E /* XCRemoteSwiftPackageReference "swift-argument-parser" */ = {
			isa = XCRemoteSwiftPackageReference;
			repositoryURL = "https://github.com/apple/swift-argument-parser.git";
			requirement = {
				kind = upToNextMajorVersion;
				minimumVersion = 1.0.0;
			};
		};
/* End XCRemoteSwiftPackageReference section */

/* Begin XCSwiftPackageProductDependency section */
		AE3CFB2027D83D7800AC0434 /* ReplicantSwift */ = {
			isa = XCSwiftPackageProductDependency;
			package = AE3CFB1F27D83D7800AC0434 /* XCRemoteSwiftPackageReference "ReplicantSwift" */;
			productName = ReplicantSwift;
		};
		AE5B0EB227D040960000F94E /* ShadowSwift */ = {
			isa = XCSwiftPackageProductDependency;
			package = AE5B0EB127D040960000F94E /* XCRemoteSwiftPackageReference "ShadowSwift" */;
			productName = ShadowSwift;
		};
		AE5B0EB727D049490000F94E /* ArgumentParser */ = {
			isa = XCSwiftPackageProductDependency;
			package = AE5B0EB627D049490000F94E /* XCRemoteSwiftPackageReference "swift-argument-parser" */;
			productName = ArgumentParser;
		};
/* End XCSwiftPackageProductDependency section */
	};
	rootObject = AEF25B9C27C067C500B9BD47 /* Project object */;
}
